# This file is automatically @generated by Cargo.
# It is not intended for manual editing.
[[package]]
name = "protobuf"
version = "2.8.1"
source = "registry+https://github.com/rust-lang/crates.io-index"

[[package]]
name = "protobuf-codegen"
version = "2.8.1"
source = "registry+https://github.com/rust-lang/crates.io-index"
dependencies = [
 "protobuf 2.8.1 (registry+https://github.com/rust-lang/crates.io-index)",
]

[[package]]
name = "protobuf-codegen-pure"
version = "2.8.1"
source = "registry+https://github.com/rust-lang/crates.io-index"
dependencies = [
 "protobuf 2.8.1 (registry+https://github.com/rust-lang/crates.io-index)",
 "protobuf-codegen 2.8.1 (registry+https://github.com/rust-lang/crates.io-index)",
]

[[package]]
name = "server"
version = "0.1.0"
dependencies = [
 "protobuf-codegen-pure 2.8.1 (registry+https://github.com/rust-lang/crates.io-index)",
]

[metadata]
"checksum protobuf 2.8.1 (registry+https://github.com/rust-lang/crates.io-index)" = "40361836defdd5871ff7e84096c6f6444af7fc157f8ef1789f54f147687caa20"
"checksum protobuf-codegen 2.8.1 (registry+https://github.com/rust-lang/crates.io-index)" = "12c6abd78435445fc86898ebbd0521a68438063d4a73e23527b7134e6bf58b4a"
"checksum protobuf-codegen-pure 2.8.1 (registry+https://github.com/rust-lang/crates.io-index)" = "c1646acda5319f5b28b0bff4a484324df43ddae2c0f5a3f3e63c0b26095cd600"
